
Microsoft Visual Studio Solution File, Format Version 12.00
Project("{FAE04EC0-301F-11D3-BF4B-00C04F79EFBC}") = "Workflow", "Workflow\Workflow.csproj", "{96FFAE92-5E4D-4FFC-A6AF-81F3883DCBCD}"
EndProject
Global
	GlobalSection(SolutionConfigurationPlatforms) = preSolution
		Debug|Any CPU = Debug|Any CPU
		Release|Any CPU = Release|Any CPU
	EndGlobalSection
	GlobalSection(ProjectConfigurationPlatforms) = postSolution
		{96FFAE92-5E4D-4FFC-A6AF-81F3883DCBCD}.Debug|Any CPU.ActiveCfg = Debug|Any CPU
		{96FFAE92-5E4D-4FFC-A6AF-81F3883DCBCD}.Debug|Any CPU.Build.0 = Debug|Any CPU
		{96FFAE92-5E4D-4FFC-A6AF-81F3883DCBCD}.Release|Any CPU.ActiveCfg = Release|Any CPU
		{96FFAE92-5E4D-4FFC-A6AF-81F3883DCBCD}.Release|Any CPU.Build.0 = Release|Any CPU
	EndGlobalSection
EndGlobal
